
Microsoft Visual Studio Solution File, Format Version 12.00
# Visual Studio Version 17
VisualStudioVersion = 17.5.33627.172
MinimumVisualStudioVersion = 10.0.40219.1
Project("{FAE04EC0-301F-11D3-BF4B-00C04F79EFBC}") = "WebClient", "WebClient\WebClient.csproj", "{589D84D7-C12C-4D96-AFC0-2A51FF82C832}"
EndProject
Project("{FAE04EC0-301F-11D3-BF4B-00C04F79EFBC}") = "WebAPI", "WebAPI\WebAPI.csproj", "{6C853D1F-326E-4A14-A818-FB74AEA0929C}"
EndProject
Global
	GlobalSection(SolutionConfigurationPlatforms) = preSolution
		Debug|Any CPU = Debug|Any CPU
		Release|Any CPU = Release|Any CPU
	EndGlobalSection
	GlobalSection(ProjectConfigurationPlatforms) = postSolution
		{589D84D7-C12C-4D96-AFC0-2A51FF82C832}.Debug|Any CPU.ActiveCfg = Debug|Any CPU
		{589D84D7-C12C-4D96-AFC0-2A51FF82C832}.Debug|Any CPU.Build.0 = Debug|Any CPU
		{589D84D7-C12C-4D96-AFC0-2A51FF82C832}.Release|Any CPU.ActiveCfg = Release|Any CPU
		{589D84D7-C12C-4D96-AFC0-2A51FF82C832}.Release|Any CPU.Build.0 = Release|Any CPU
		{6C853D1F-326E-4A14-A818-FB74AEA0929C}.Debug|Any CPU.ActiveCfg = Debug|Any CPU
		{6C853D1F-326E-4A14-A818-FB74AEA0929C}.Debug|Any CPU.Build.0 = Debug|Any CPU
		{6C853D1F-326E-4A14-A818-FB74AEA0929C}.Release|Any CPU.ActiveCfg = Release|Any CPU
		{6C853D1F-326E-4A14-A818-FB74AEA0929C}.Release|Any CPU.Build.0 = Release|Any CPU
	EndGlobalSection
	GlobalSection(SolutionProperties) = preSolution
		HideSolutionNode = FALSE
	EndGlobalSection
	GlobalSection(ExtensibilityGlobals) = postSolution
		SolutionGuid = {6273739E-221D-47DB-8CDE-2D5E23675EE4}
	EndGlobalSection
EndGlobal
